<?xml version="1.0" encoding="utf-8"?>
<Project ToolsVersion="4.0" xmlns="http://schemas.microsoft.com/developer/msbuild/2003">
  <ItemGroup>
    <Filter Include="Source Files">
      <UniqueIdentifier>{4FC737F1-C7A5-4376-A066-2A32D752A2FF}</UniqueIdentifier>
      <Extensions>cpp;c;cc;cxx;def;odl;idl;hpj;bat;asm;asmx</Extensions>
    </Filter>
    <Filter Include="Header Files">
      <UniqueIdentifier>{93995380-89BD-4b04-88EB-625FBE52EBFB}</UniqueIdentifier>
      <Extensions>h;hh;hpp;hxx;hm;inl;inc;xsd</Extensions>
    </Filter>
    <Filter Include="Resource Files">
      <UniqueIdentifier>{67DA6AB6-F800-4c08-8B7A-83BB121AAD01}</UniqueIdentifier>
      <Extensions>rc;ico;cur;bmp;dlg;rc2;rct;bin;rgs;gif;jpg;jpeg;jpe;resx;tiff;tif;png;wav</Extensions>
    </Filter>
  </ItemGroup>
  <ItemGroup>
    <ClCompile Include="intermediate\build\win64\ue4editor\inc\mediocremapassistant2\BPFileIO.gen.cpp">
      <Filter>Source Files</Filter>
    </ClCompile>
    <ClCompile Include="intermediate\build\win64\ue4editor\inc\mediocremapassistant2\ColorConverter.gen.cpp">
      <Filter>Source Files</Filter>
    </ClCompile>
    <ClCompile Include="intermediate\build\win64\ue4editor\inc\mediocremapassistant2\FileDownloader.gen.cpp">
      <Filter>Source Files</Filter>
    </ClCompile>
    <ClCompile Include="intermediate\build\win64\ue4editor\inc\mediocremapassistant2\MediocreMapAssistant2.init.gen.cpp">
      <Filter>Source Files</Filter>
    </ClCompile>
    <ClCompile Include="intermediate\build\win64\ue4editor\inc\mediocremapassistant2\MMServerRequest.gen.cpp">
      <Filter>Source Files</Filter>
    </ClCompile>
    <ClCompile Include="intermediate\build\win64\ue4editor\inc\mediocremapassistant2\RegReader.gen.cpp">
      <Filter>Source Files</Filter>
    </ClCompile>
    <ClCompile Include="intermediate\build\win64\ue4editor\inc\mediocremapassistant2\RenderWaveform.gen.cpp">
      <Filter>Source Files</Filter>
    </ClCompile>
    <ClCompile Include="intermediate\build\win64\ue4editor\inc\mediocremapassistant2\Updater.gen.cpp">
      <Filter>Source Files</Filter>
    </ClCompile>
    <ClCompile Include="plugins\discordrpc\intermediate\build\win64\ue4editor\development\discordrpc\Module.DiscordRpc.cpp">
      <Filter>Source Files</Filter>
    </ClCompile>
    <ClCompile Include="plugins\discordrpc\intermediate\build\win64\ue4editor\development\discordrpc\Module.DiscordRpc.gen.cpp">
      <Filter>Source Files</Filter>
    </ClCompile>
    <ClCompile Include="plugins\discordrpc\intermediate\build\win64\ue4editor\inc\discordrpc\DiscordRpc.init.gen.cpp">
      <Filter>Source Files</Filter>
    </ClCompile>
    <ClCompile Include="plugins\discordrpc\intermediate\build\win64\ue4editor\inc\discordrpc\DiscordRpcBlueprint.gen.cpp">
      <Filter>Source Files</Filter>
    </ClCompile>
    <ClCompile Include="plugins\discordrpc\source\discordrpc\private\DiscordRpc.cpp">
      <Filter>Source Files</Filter>
    </ClCompile>
    <ClCompile Include="plugins\discordrpc\source\discordrpc\private\DiscordRpcBlueprint.cpp">
      <Filter>Source Files</Filter>
    </ClCompile>
    <ClCompile Include="plugins\exisoundvis\intermediate\build\win64\ue4editor\development\exisoundvis\Module.eXiSoundVis.cpp">
      <Filter>Source Files</Filter>
    </ClCompile>
    <ClCompile Include="plugins\exisoundvis\intermediate\build\win64\ue4editor\development\exisoundvis\Module.eXiSoundVis.gen.cpp">
      <Filter>Source Files</Filter>
    </ClCompile>
    <ClCompile Include="plugins\exisoundvis\intermediate\build\win64\ue4editor\inc\exisoundvis\eXiSoundVis.init.gen.cpp">
      <Filter>Source Files</Filter>
    </ClCompile>
    <ClCompile Include="plugins\exisoundvis\intermediate\build\win64\ue4editor\inc\exisoundvis\SoundVisComponent.gen.cpp">
      <Filter>Source Files</Filter>
    </ClCompile>
    <ClCompile Include="plugins\exisoundvis\source\exisoundvis\private\AudioDecompressWorker.cpp">
      <Filter>Source Files</Filter>
    </ClCompile>
    <ClCompile Include="plugins\exisoundvis\source\exisoundvis\private\eXiSoundVis.cpp">
      <Filter>Source Files</Filter>
    </ClCompile>
    <ClCompile Include="plugins\exisoundvis\source\exisoundvis\private\SoundVisComponent.cpp">
      <Filter>Source Files</Filter>
    </ClCompile>
    <ClCompile Include="plugins\pluginpackaged\intermediate\build\win64\ue4editor\development\victoryumg\Module.VictoryUMG.cpp">
      <Filter>Source Files</Filter>
    </ClCompile>
    <ClCompile Include="plugins\pluginpackaged\intermediate\build\win64\ue4editor\development\victoryumg\Module.VictoryUMG.gen.cpp">
      <Filter>Source Files</Filter>
    </ClCompile>
    <ClCompile Include="plugins\pluginpackaged\intermediate\build\win64\ue4editor\inc\victoryumg\JoyColorWheel.gen.cpp">
      <Filter>Source Files</Filter>
    </ClCompile>
    <ClCompile Include="plugins\pluginpackaged\intermediate\build\win64\ue4editor\inc\victoryumg\VictoryUMG.init.gen.cpp">
      <Filter>Source Files</Filter>
    </ClCompile>
    <ClCompile Include="plugins\pluginpackaged\source\victoryumg\private\JoyColorWheel.cpp">
      <Filter>Source Files</Filter>
    </ClCompile>
    <ClCompile Include="plugins\pluginpackaged\source\victoryumg\private\VictoryUMGModule.cpp">
      <Filter>Source Files</Filter>
    </ClCompile>
    <ClCompile Include="plugins\socketer\intermediate\build\win64\ue4editor\development\socketer\Module.Socketer.cpp">
      <Filter>Source Files</Filter>
    </ClCompile>
    <ClCompile Include="plugins\socketer\intermediate\build\win64\ue4editor\development\socketer\Module.Socketer.gen.cpp">
      <Filter>Source Files</Filter>
    </ClCompile>
    <ClCompile Include="plugins\socketer\intermediate\build\win64\ue4editor\inc\socketer\Socket.gen.cpp">
      <Filter>Source Files</Filter>
    </ClCompile>
    <ClCompile Include="plugins\socketer\intermediate\build\win64\ue4editor\inc\socketer\Socketer.init.gen.cpp">
      <Filter>Source Files</Filter>
    </ClCompile>
    <ClCompile Include="plugins\socketer\intermediate\build\win64\ue4editor\inc\socketer\SocketerBPLibrary.gen.cpp">
      <Filter>Source Files</Filter>
    </ClCompile>
    <ClCompile Include="plugins\socketer\source\socketer\private\Socket.cpp">
      <Filter>Source Files</Filter>
    </ClCompile>
    <ClCompile Include="plugins\socketer\source\socketer\private\Socketer.cpp">
      <Filter>Source Files</Filter>
    </ClCompile>
    <ClCompile Include="plugins\socketer\source\socketer\private\SocketerBPLibrary.cpp">
      <Filter>Source Files</Filter>
    </ClCompile>
    <ClCompile Include="plugins\victoryplugin\intermediate\build\win64\ue4editor\development\victorybplibrary\Module.VictoryBPLibrary.cpp">
      <Filter>Source Files</Filter>
    </ClCompile>
    <ClCompile Include="plugins\victoryplugin\intermediate\build\win64\ue4editor\development\victorybplibrary\Module.VictoryBPLibrary.gen.1_of_2.cpp">
      <Filter>Source Files</Filter>
    </ClCompile>
    <ClCompile Include="plugins\victoryplugin\intermediate\build\win64\ue4editor\development\victorybplibrary\Module.VictoryBPLibrary.gen.2_of_2.cpp">
      <Filter>Source Files</Filter>
    </ClCompile>
    <ClCompile Include="plugins\victoryplugin\intermediate\build\win64\ue4editor\inc\victorybplibrary\TKMathFunctionLibrary.gen.cpp">
      <Filter>Source Files</Filter>
    </ClCompile>
    <ClCompile Include="plugins\victoryplugin\intermediate\build\win64\ue4editor\inc\victorybplibrary\VictoryBPFunctionLibrary.gen.cpp">
      <Filter>Source Files</Filter>
    </ClCompile>
    <ClCompile Include="plugins\victoryplugin\intermediate\build\win64\ue4editor\inc\victorybplibrary\VictoryBPHTML.gen.cpp">
      <Filter>Source Files</Filter>
    </ClCompile>
    <ClCompile Include="plugins\victoryplugin\intermediate\build\win64\ue4editor\inc\victorybplibrary\VictoryBPLibrary.init.gen.cpp">
      <Filter>Source Files</Filter>
    </ClCompile>
    <ClCompile Include="plugins\victoryplugin\intermediate\build\win64\ue4editor\inc\victorybplibrary\VictoryISM.gen.cpp">
      <Filter>Source Files</Filter>
    </ClCompile>
    <ClCompile Include="plugins\victoryplugin\intermediate\build\win64\ue4editor\inc\victorybplibrary\VictoryPC.gen.cpp">
      <Filter>Source Files</Filter>
    </ClCompile>
    <ClCompile Include="plugins\victoryplugin\intermediate\build\win64\ue4editor\inc\victorybplibrary\VictoryTMapComp.gen.cpp">
      <Filter>Source Files</Filter>
    </ClCompile>
    <ClCompile Include="plugins\victoryplugin\source\victorybplibrary\private\TKMathFunctionLibrary.cpp">
      <Filter>Source Files</Filter>
    </ClCompile>
    <ClCompile Include="plugins\victoryplugin\source\victorybplibrary\private\VictoryBPFunctionLibrary.cpp">
      <Filter>Source Files</Filter>
    </ClCompile>
    <ClCompile Include="plugins\victoryplugin\source\victorybplibrary\private\VictoryBPFunctionLibrary_WinOS.cpp">
      <Filter>Source Files</Filter>
    </ClCompile>
    <ClCompile Include="plugins\victoryplugin\source\victorybplibrary\private\VictoryBPHTML.cpp">
      <Filter>Source Files</Filter>
    </ClCompile>
    <ClCompile Include="plugins\victoryplugin\source\victorybplibrary\private\VictoryBPLibrary.cpp">
      <Filter>Source Files</Filter>
    </ClCompile>
    <ClCompile Include="plugins\victoryplugin\source\victorybplibrary\public\VictoryISM.cpp">
      <Filter>Source Files</Filter>
    </ClCompile>
    <ClCompile Include="plugins\victoryplugin\source\victorybplibrary\public\VictoryPC.cpp">
      <Filter>Source Files</Filter>
    </ClCompile>
    <ClCompile Include="plugins\victoryplugin\source\victorybplibrary\public\VictoryTMapComp.cpp">
      <Filter>Source Files</Filter>
    </ClCompile>
    <ClCompile Include="plugins\ziputility-ue4\intermediate\build\win64\ue4editor\development\windowsfileutility\Module.WindowsFileUtility.cpp">
      <Filter>Source Files</Filter>
    </ClCompile>
    <ClCompile Include="plugins\ziputility-ue4\intermediate\build\win64\ue4editor\development\windowsfileutility\Module.WindowsFileUtility.gen.cpp">
      <Filter>Source Files</Filter>
    </ClCompile>
    <ClCompile Include="plugins\ziputility-ue4\intermediate\build\win64\ue4editor\development\ziputility\Module.ZipUtility.cpp">
      <Filter>Source Files</Filter>
    </ClCompile>
    <ClCompile Include="plugins\ziputility-ue4\intermediate\build\win64\ue4editor\development\ziputility\Module.ZipUtility.gen.cpp">
      <Filter>Source Files</Filter>
    </ClCompile>
    <ClCompile Include="plugins\ziputility-ue4\intermediate\build\win64\ue4editor\inc\windowsfileutility\WFUFileListInterface.gen.cpp">
      <Filter>Source Files</Filter>
    </ClCompile>
    <ClCompile Include="plugins\ziputility-ue4\intermediate\build\win64\ue4editor\inc\windowsfileutility\WFUFileListLambdaDelegate.gen.cpp">
      <Filter>Source Files</Filter>
    </ClCompile>
    <ClCompile Include="plugins\ziputility-ue4\intermediate\build\win64\ue4editor\inc\windowsfileutility\WFUFolderWatchInterface.gen.cpp">
      <Filter>Source Files</Filter>
    </ClCompile>
    <ClCompile Include="plugins\ziputility-ue4\intermediate\build\win64\ue4editor\inc\windowsfileutility\WFUFolderWatchLambdaDelegate.gen.cpp">
      <Filter>Source Files</Filter>
    </ClCompile>
    <ClCompile Include="plugins\ziputility-ue4\intermediate\build\win64\ue4editor\inc\windowsfileutility\WindowsFileUtility.init.gen.cpp">
      <Filter>Source Files</Filter>
    </ClCompile>
    <ClCompile Include="plugins\ziputility-ue4\intermediate\build\win64\ue4editor\inc\windowsfileutility\WindowsFileUtilityFunctionLibrary.gen.cpp">
      <Filter>Source Files</Filter>
    </ClCompile>
    <ClCompile Include="plugins\ziputility-ue4\intermediate\build\win64\ue4editor\inc\ziputility\ZipFileFunctionInternalCallback.gen.cpp">
      <Filter>Source Files</Filter>
    </ClCompile>
    <ClCompile Include="plugins\ziputility-ue4\intermediate\build\win64\ue4editor\inc\ziputility\ZipFileFunctionLibrary.gen.cpp">
      <Filter>Source Files</Filter>
    </ClCompile>
    <ClCompile Include="plugins\ziputility-ue4\intermediate\build\win64\ue4editor\inc\ziputility\ZipOperation.gen.cpp">
      <Filter>Source Files</Filter>
    </ClCompile>
    <ClCompile Include="plugins\ziputility-ue4\intermediate\build\win64\ue4editor\inc\ziputility\ZipUtility.init.gen.cpp">
      <Filter>Source Files</Filter>
    </ClCompile>
    <ClCompile Include="plugins\ziputility-ue4\intermediate\build\win64\ue4editor\inc\ziputility\ZipUtilityInterface.gen.cpp">
      <Filter>Source Files</Filter>
    </ClCompile>
    <ClCompile Include="plugins\ziputility-ue4\intermediate\build\win64\ue4editor\inc\ziputility\ZULambdaDelegate.gen.cpp">
      <Filter>Source Files</Filter>
    </ClCompile>
    <ClCompile Include="plugins\ziputility-ue4\source\windowsutility\private\WFUFileListInterface.cpp">
      <Filter>Source Files</Filter>
    </ClCompile>
    <ClCompile Include="plugins\ziputility-ue4\source\windowsutility\private\WFUFileListLambdaDelegate.cpp">
      <Filter>Source Files</Filter>
    </ClCompile>
    <ClCompile Include="plugins\ziputility-ue4\source\windowsutility\private\WFUFolderWatchInterface.cpp">
      <Filter>Source Files</Filter>
    </ClCompile>
    <ClCompile Include="plugins\ziputility-ue4\source\windowsutility\private\WFUFolderWatchLambdaDelegate.cpp">
      <Filter>Source Files</Filter>
    </ClCompile>
    <ClCompile Include="plugins\ziputility-ue4\source\windowsutility\private\WFULambdaRunnable.cpp">
      <Filter>Source Files</Filter>
    </ClCompile>
    <ClCompile Include="plugins\ziputility-ue4\source\windowsutility\private\WindowsFileUtility.cpp">
      <Filter>Source Files</Filter>
    </ClCompile>
    <ClCompile Include="plugins\ziputility-ue4\source\windowsutility\private\WindowsFileUtilityFunctionLibrary.cpp">
      <Filter>Source Files</Filter>
    </ClCompile>
    <ClCompile Include="plugins\ziputility-ue4\source\ziputility\private\SevenZipCallbackHandler.cpp">
      <Filter>Source Files</Filter>
    </ClCompile>
    <ClCompile Include="plugins\ziputility-ue4\source\ziputility\private\ZipFileFunctionInternalCallback.cpp">
      <Filter>Source Files</Filter>
    </ClCompile>
    <ClCompile Include="plugins\ziputility-ue4\source\ziputility\private\ZipFileFunctionLibrary.cpp">
      <Filter>Source Files</Filter>
    </ClCompile>
    <ClCompile Include="plugins\ziputility-ue4\source\ziputility\private\ZipOperation.cpp">
      <Filter>Source Files</Filter>
    </ClCompile>
    <ClCompile Include="plugins\ziputility-ue4\source\ziputility\private\ZipUtilityInterface.cpp">
      <Filter>Source Files</Filter>
    </ClCompile>
    <ClCompile Include="plugins\ziputility-ue4\source\ziputility\private\ZipUtilityPlugin.cpp">
      <Filter>Source Files</Filter>
    </ClCompile>
    <ClCompile Include="plugins\ziputility-ue4\source\ziputility\private\ZULambdaDelegate.cpp">
      <Filter>Source Files</Filter>
    </ClCompile>
    <ClCompile Include="source\mediocremapassistant2\BeatSaberEditor.cpp">
      <Filter>Source Files</Filter>
    </ClCompile>
    <ClCompile Include="source\mediocremapassistant2\BPFileIO.cpp">
      <Filter>Source Files</Filter>
    </ClCompile>
    <ClCompile Include="source\mediocremapassistant2\ColorConverter.cpp">
      <Filter>Source Files</Filter>
    </ClCompile>
    <ClCompile Include="source\mediocremapassistant2\FileDownloader.cpp">
      <Filter>Source Files</Filter>
    </ClCompile>
    <ClCompile Include="source\mediocremapassistant2\MMServerRequest.cpp">
      <Filter>Source Files</Filter>
    </ClCompile>
    <ClCompile Include="source\mediocremapassistant2\RegReader.cpp">
      <Filter>Source Files</Filter>
    </ClCompile>
    <ClCompile Include="source\mediocremapassistant2\RenderWaveform.cpp">
      <Filter>Source Files</Filter>
    </ClCompile>
    <ClCompile Include="source\mediocremapassistant2\Updater.cpp">
      <Filter>Source Files</Filter>
    </ClCompile>
  </ItemGroup>
  <ItemGroup>
    <ClInclude Include="intermediate\build\win64\ue4editor\development\mediocremapassistant2\Definitions.MediocreMapAssistant2.h">
      <Filter>Header Files</Filter>
    </ClInclude>
    <ClInclude Include="intermediate\build\win64\ue4editor\inc\mediocremapassistant2\BPFileIO.generated.h">
      <Filter>Header Files</Filter>
    </ClInclude>
    <ClInclude Include="intermediate\build\win64\ue4editor\inc\mediocremapassistant2\ColorConverter.generated.h">
      <Filter>Header Files</Filter>
    </ClInclude>
    <ClInclude Include="intermediate\build\win64\ue4editor\inc\mediocremapassistant2\FileDownloader.generated.h">
      <Filter>Header Files</Filter>
    </ClInclude>
    <ClInclude Include="intermediate\build\win64\ue4editor\inc\mediocremapassistant2\MediocreMapAssistant2Classes.h">
      <Filter>Header Files</Filter>
    </ClInclude>
    <ClInclude Include="intermediate\build\win64\ue4editor\inc\mediocremapassistant2\MMServerRequest.generated.h">
      <Filter>Header Files</Filter>
    </ClInclude>
    <ClInclude Include="intermediate\build\win64\ue4editor\inc\mediocremapassistant2\RegReader.generated.h">
      <Filter>Header Files</Filter>
    </ClInclude>
    <ClInclude Include="intermediate\build\win64\ue4editor\inc\mediocremapassistant2\RenderWaveform.generated.h">
      <Filter>Header Files</Filter>
    </ClInclude>
    <ClInclude Include="intermediate\build\win64\ue4editor\inc\mediocremapassistant2\Updater.generated.h">
      <Filter>Header Files</Filter>
    </ClInclude>
    <ClInclude Include="plugins\discordrpc\intermediate\build\win64\ue4editor\development\discordrpc\Definitions.DiscordRpc.h">
      <Filter>Header Files</Filter>
    </ClInclude>
    <ClInclude Include="plugins\discordrpc\intermediate\build\win64\ue4editor\inc\discordrpc\DiscordRpcBlueprint.generated.h">
      <Filter>Header Files</Filter>
    </ClInclude>
    <ClInclude Include="plugins\discordrpc\intermediate\build\win64\ue4editor\inc\discordrpc\DiscordRpcClasses.h">
      <Filter>Header Files</Filter>
    </ClInclude>
    <ClInclude Include="plugins\discordrpc\source\discordrpc\private\DiscordRpcPrivatePCH.h">
      <Filter>Header Files</Filter>
    </ClInclude>
    <ClInclude Include="plugins\discordrpc\source\discordrpc\public\DiscordRpc.h">
      <Filter>Header Files</Filter>
    </ClInclude>
    <ClInclude Include="plugins\discordrpc\source\discordrpc\public\DiscordRpcBlueprint.h">
      <Filter>Header Files</Filter>
    </ClInclude>
    <ClInclude Include="plugins\discordrpc\source\thirdparty\discordrpclibrary\include\discord_register.h">
      <Filter>Header Files</Filter>
    </ClInclude>
    <ClInclude Include="plugins\discordrpc\source\thirdparty\discordrpclibrary\include\discord_rpc.h">
      <Filter>Header Files</Filter>
    </ClInclude>
    <ClInclude Include="plugins\exisoundvis\intermediate\build\win64\ue4editor\development\exisoundvis\Definitions.eXiSoundVis.h">
      <Filter>Header Files</Filter>
    </ClInclude>
    <ClInclude Include="plugins\exisoundvis\intermediate\build\win64\ue4editor\inc\exisoundvis\eXiSoundVisClasses.h">
      <Filter>Header Files</Filter>
    </ClInclude>
    <ClInclude Include="plugins\exisoundvis\intermediate\build\win64\ue4editor\inc\exisoundvis\SoundVisComponent.generated.h">
      <Filter>Header Files</Filter>
    </ClInclude>
    <ClInclude Include="plugins\exisoundvis\source\exisoundvis\private\eXiSoundVisPrivatePCH.h">
      <Filter>Header Files</Filter>
    </ClInclude>
    <ClInclude Include="plugins\exisoundvis\source\exisoundvis\public\AudioDecompressWorker.h">
      <Filter>Header Files</Filter>
    </ClInclude>
    <ClInclude Include="plugins\exisoundvis\source\exisoundvis\public\eXiSoundVis.h">
      <Filter>Header Files</Filter>
    </ClInclude>
    <ClInclude Include="plugins\exisoundvis\source\exisoundvis\public\SoundVisComponent.h">
      <Filter>Header Files</Filter>
    </ClInclude>
    <ClInclude Include="plugins\pluginpackaged\intermediate\build\win64\ue4editor\development\victoryumg\Definitions.VictoryUMG.h">
      <Filter>Header Files</Filter>
    </ClInclude>
    <ClInclude Include="plugins\pluginpackaged\intermediate\build\win64\ue4editor\inc\victoryumg\JoyColorWheel.generated.h">
      <Filter>Header Files</Filter>
    </ClInclude>
    <ClInclude Include="plugins\pluginpackaged\intermediate\build\win64\ue4editor\inc\victoryumg\VictoryUMGClasses.h">
      <Filter>Header Files</Filter>
    </ClInclude>
    <ClInclude Include="plugins\pluginpackaged\source\victoryumg\private\VictoryUMGPrivatePCH.h">
      <Filter>Header Files</Filter>
    </ClInclude>
    <ClInclude Include="plugins\pluginpackaged\source\victoryumg\public\JoyColorWheel.h">
      <Filter>Header Files</Filter>
    </ClInclude>
    <ClInclude Include="plugins\pluginpackaged\source\victoryumg\public\SJoyColorPicker.h">
      <Filter>Header Files</Filter>
    </ClInclude>
    <ClInclude Include="plugins\socketer\intermediate\build\win64\ue4editor\development\socketer\Definitions.Socketer.h">
      <Filter>Header Files</Filter>
    </ClInclude>
    <ClInclude Include="plugins\socketer\intermediate\build\win64\ue4editor\inc\socketer\Socket.generated.h">
      <Filter>Header Files</Filter>
    </ClInclude>
    <ClInclude Include="plugins\socketer\intermediate\build\win64\ue4editor\inc\socketer\SocketerBPLibrary.generated.h">
      <Filter>Header Files</Filter>
    </ClInclude>
    <ClInclude Include="plugins\socketer\intermediate\build\win64\ue4editor\inc\socketer\SocketerClasses.h">
      <Filter>Header Files</Filter>
    </ClInclude>
    <ClInclude Include="plugins\socketer\source\socketer\public\Socket.h">
      <Filter>Header Files</Filter>
    </ClInclude>
    <ClInclude Include="plugins\socketer\source\socketer\public\Socketer.h">
      <Filter>Header Files</Filter>
    </ClInclude>
    <ClInclude Include="plugins\socketer\source\socketer\public\SocketerBPLibrary.h">
      <Filter>Header Files</Filter>
    </ClInclude>
    <ClInclude Include="plugins\victoryplugin\intermediate\build\win64\ue4editor\development\victorybplibrary\Definitions.VictoryBPLibrary.h">
      <Filter>Header Files</Filter>
    </ClInclude>
    <ClInclude Include="plugins\victoryplugin\intermediate\build\win64\ue4editor\inc\victorybplibrary\TKMathFunctionLibrary.generated.h">
      <Filter>Header Files</Filter>
    </ClInclude>
    <ClInclude Include="plugins\victoryplugin\intermediate\build\win64\ue4editor\inc\victorybplibrary\VictoryBPFunctionLibrary.generated.h">
      <Filter>Header Files</Filter>
    </ClInclude>
    <ClInclude Include="plugins\victoryplugin\intermediate\build\win64\ue4editor\inc\victorybplibrary\VictoryBPHTML.generated.h">
      <Filter>Header Files</Filter>
    </ClInclude>
    <ClInclude Include="plugins\victoryplugin\intermediate\build\win64\ue4editor\inc\victorybplibrary\VictoryBPLibraryClasses.h">
      <Filter>Header Files</Filter>
    </ClInclude>
    <ClInclude Include="plugins\victoryplugin\intermediate\build\win64\ue4editor\inc\victorybplibrary\VictoryISM.generated.h">
      <Filter>Header Files</Filter>
    </ClInclude>
    <ClInclude Include="plugins\victoryplugin\intermediate\build\win64\ue4editor\inc\victorybplibrary\VictoryPC.generated.h">
      <Filter>Header Files</Filter>
    </ClInclude>
    <ClInclude Include="plugins\victoryplugin\intermediate\build\win64\ue4editor\inc\victorybplibrary\VictoryTMapComp.generated.h">
      <Filter>Header Files</Filter>
    </ClInclude>
    <ClInclude Include="plugins\victoryplugin\source\victorybplibrary\private\VictoryBPLibraryPrivatePCH.h">
      <Filter>Header Files</Filter>
    </ClInclude>
    <ClInclude Include="plugins\victoryplugin\source\victorybplibrary\public\TKMathFunctionLibrary.h">
      <Filter>Header Files</Filter>
    </ClInclude>
    <ClInclude Include="plugins\victoryplugin\source\victorybplibrary\public\VictoryBPFunctionLibrary.h">
      <Filter>Header Files</Filter>
    </ClInclude>
    <ClInclude Include="plugins\victoryplugin\source\victorybplibrary\public\VictoryBPHTML.h">
      <Filter>Header Files</Filter>
    </ClInclude>
    <ClInclude Include="plugins\victoryplugin\source\victorybplibrary\public\VictoryBPLibrary.h">
      <Filter>Header Files</Filter>
    </ClInclude>
    <ClInclude Include="plugins\victoryplugin\source\victorybplibrary\public\VictoryISM.h">
      <Filter>Header Files</Filter>
    </ClInclude>
    <ClInclude Include="plugins\victoryplugin\source\victorybplibrary\public\VictoryPC.h">
      <Filter>Header Files</Filter>
    </ClInclude>
    <ClInclude Include="plugins\victoryplugin\source\victorybplibrary\public\VictoryTMapComp.h">
      <Filter>Header Files</Filter>
    </ClInclude>
    <ClInclude Include="plugins\ziputility-ue4\intermediate\build\win64\ue4editor\development\windowsfileutility\Definitions.WindowsFileUtility.h">
      <Filter>Header Files</Filter>
    </ClInclude>
    <ClInclude Include="plugins\ziputility-ue4\intermediate\build\win64\ue4editor\development\ziputility\Definitions.ZipUtility.h">
      <Filter>Header Files</Filter>
    </ClInclude>
    <ClInclude Include="plugins\ziputility-ue4\intermediate\build\win64\ue4editor\inc\windowsfileutility\WFUFileListInterface.generated.h">
      <Filter>Header Files</Filter>
    </ClInclude>
    <ClInclude Include="plugins\ziputility-ue4\intermediate\build\win64\ue4editor\inc\windowsfileutility\WFUFileListLambdaDelegate.generated.h">
      <Filter>Header Files</Filter>
    </ClInclude>
    <ClInclude Include="plugins\ziputility-ue4\intermediate\build\win64\ue4editor\inc\windowsfileutility\WFUFolderWatchInterface.generated.h">
      <Filter>Header Files</Filter>
    </ClInclude>
    <ClInclude Include="plugins\ziputility-ue4\intermediate\build\win64\ue4editor\inc\windowsfileutility\WFUFolderWatchLambdaDelegate.generated.h">
      <Filter>Header Files</Filter>
    </ClInclude>
    <ClInclude Include="plugins\ziputility-ue4\intermediate\build\win64\ue4editor\inc\windowsfileutility\WindowsFileUtilityClasses.h">
      <Filter>Header Files</Filter>
    </ClInclude>
    <ClInclude Include="plugins\ziputility-ue4\intermediate\build\win64\ue4editor\inc\windowsfileutility\WindowsFileUtilityFunctionLibrary.generated.h">
      <Filter>Header Files</Filter>
    </ClInclude>
    <ClInclude Include="plugins\ziputility-ue4\intermediate\build\win64\ue4editor\inc\ziputility\ZipFileFunctionInternalCallback.generated.h">
      <Filter>Header Files</Filter>
    </ClInclude>
    <ClInclude Include="plugins\ziputility-ue4\intermediate\build\win64\ue4editor\inc\ziputility\ZipFileFunctionLibrary.generated.h">
      <Filter>Header Files</Filter>
    </ClInclude>
    <ClInclude Include="plugins\ziputility-ue4\intermediate\build\win64\ue4editor\inc\ziputility\ZipOperation.generated.h">
      <Filter>Header Files</Filter>
    </ClInclude>
    <ClInclude Include="plugins\ziputility-ue4\intermediate\build\win64\ue4editor\inc\ziputility\ZipUtilityClasses.h">
      <Filter>Header Files</Filter>
    </ClInclude>
    <ClInclude Include="plugins\ziputility-ue4\intermediate\build\win64\ue4editor\inc\ziputility\ZipUtilityInterface.generated.h">
      <Filter>Header Files</Filter>
    </ClInclude>
    <ClInclude Include="plugins\ziputility-ue4\intermediate\build\win64\ue4editor\inc\ziputility\ZULambdaDelegate.generated.h">
      <Filter>Header Files</Filter>
    </ClInclude>
    <ClInclude Include="plugins\ziputility-ue4\source\windowsutility\private\WFUFileListLambdaDelegate.h">
      <Filter>Header Files</Filter>
    </ClInclude>
    <ClInclude Include="plugins\ziputility-ue4\source\windowsutility\private\WFUFolderWatchLambdaDelegate.h">
      <Filter>Header Files</Filter>
    </ClInclude>
    <ClInclude Include="plugins\ziputility-ue4\source\windowsutility\private\WindowsFileUtilityPrivatePCH.h">
      <Filter>Header Files</Filter>
    </ClInclude>
    <ClInclude Include="plugins\ziputility-ue4\source\windowsutility\public\IWindowsFileUtility.h">
      <Filter>Header Files</Filter>
    </ClInclude>
    <ClInclude Include="plugins\ziputility-ue4\source\windowsutility\public\WFUFileListInterface.h">
      <Filter>Header Files</Filter>
    </ClInclude>
    <ClInclude Include="plugins\ziputility-ue4\source\windowsutility\public\WFUFolderWatchInterface.h">
      <Filter>Header Files</Filter>
    </ClInclude>
    <ClInclude Include="plugins\ziputility-ue4\source\windowsutility\public\WFULambdaRunnable.h">
      <Filter>Header Files</Filter>
    </ClInclude>
    <ClInclude Include="plugins\ziputility-ue4\source\windowsutility\public\WindowsFileUtilityFunctionLibrary.h">
      <Filter>Header Files</Filter>
    </ClInclude>
    <ClInclude Include="plugins\ziputility-ue4\source\ziputility\private\ZipFileFunctionInternalCallback.h">
      <Filter>Header Files</Filter>
    </ClInclude>
    <ClInclude Include="plugins\ziputility-ue4\source\ziputility\private\ZipUtilityPrivatePCH.h">
      <Filter>Header Files</Filter>
    </ClInclude>
    <ClInclude Include="plugins\ziputility-ue4\source\ziputility\private\ZULambdaDelegate.h">
      <Filter>Header Files</Filter>
    </ClInclude>
    <ClInclude Include="plugins\ziputility-ue4\source\ziputility\public\SevenZipCallbackHandler.h">
      <Filter>Header Files</Filter>
    </ClInclude>
    <ClInclude Include="plugins\ziputility-ue4\source\ziputility\public\ZipFileFunctionLibrary.h">
      <Filter>Header Files</Filter>
    </ClInclude>
    <ClInclude Include="plugins\ziputility-ue4\source\ziputility\public\ZipOperation.h">
      <Filter>Header Files</Filter>
    </ClInclude>
    <ClInclude Include="plugins\ziputility-ue4\source\ziputility\public\ZipUtilityInterface.h">
      <Filter>Header Files</Filter>
    </ClInclude>
    <ClInclude Include="plugins\ziputility-ue4\source\ziputility\public\ZipUtilityPlugin.h">
      <Filter>Header Files</Filter>
    </ClInclude>
    <ClInclude Include="plugins\ziputility-ue4\thirdparty\7zpp\include\7zpp.h">
      <Filter>Header Files</Filter>
    </ClInclude>
    <ClInclude Include="plugins\ziputility-ue4\thirdparty\7zpp\include\CompressionFormat.h">
      <Filter>Header Files</Filter>
    </ClInclude>
    <ClInclude Include="plugins\ziputility-ue4\thirdparty\7zpp\include\CompressionLevel.h">
      <Filter>Header Files</Filter>
    </ClInclude>
    <ClInclude Include="plugins\ziputility-ue4\thirdparty\7zpp\include\Enum.h">
      <Filter>Header Files</Filter>
    </ClInclude>
    <ClInclude Include="plugins\ziputility-ue4\thirdparty\7zpp\include\FileInfo.h">
      <Filter>Header Files</Filter>
    </ClInclude>
    <ClInclude Include="plugins\ziputility-ue4\thirdparty\7zpp\include\ListCallback.h">
      <Filter>Header Files</Filter>
    </ClInclude>
    <ClInclude Include="plugins\ziputility-ue4\thirdparty\7zpp\include\ProgressCallback.h">
      <Filter>Header Files</Filter>
    </ClInclude>
    <ClInclude Include="plugins\ziputility-ue4\thirdparty\7zpp\include\SevenString.h">
      <Filter>Header Files</Filter>
    </ClInclude>
    <ClInclude Include="plugins\ziputility-ue4\thirdparty\7zpp\include\SevenZipArchive.h">
      <Filter>Header Files</Filter>
    </ClInclude>
    <ClInclude Include="plugins\ziputility-ue4\thirdparty\7zpp\include\SevenZipCompressor.h">
      <Filter>Header Files</Filter>
    </ClInclude>
    <ClInclude Include="plugins\ziputility-ue4\thirdparty\7zpp\include\SevenZipException.h">
      <Filter>Header Files</Filter>
    </ClInclude>
    <ClInclude Include="plugins\ziputility-ue4\thirdparty\7zpp\include\SevenZipExtractor.h">
      <Filter>Header Files</Filter>
    </ClInclude>
    <ClInclude Include="plugins\ziputility-ue4\thirdparty\7zpp\include\SevenZipLibrary.h">
      <Filter>Header Files</Filter>
    </ClInclude>
    <ClInclude Include="plugins\ziputility-ue4\thirdparty\7zpp\include\SevenZipLister.h">
      <Filter>Header Files</Filter>
    </ClInclude>
    <ClInclude Include="source\mediocremapassistant2\BeatSaberEditor.h">
      <Filter>Header Files</Filter>
    </ClInclude>
    <ClInclude Include="source\mediocremapassistant2\BPFileIO.h">
      <Filter>Header Files</Filter>
    </ClInclude>
    <ClInclude Include="source\mediocremapassistant2\ColorConverter.h">
      <Filter>Header Files</Filter>
    </ClInclude>
    <ClInclude Include="source\mediocremapassistant2\FileDownloader.h">
      <Filter>Header Files</Filter>
    </ClInclude>
    <ClInclude Include="source\mediocremapassistant2\MMServerRequest.h">
      <Filter>Header Files</Filter>
    </ClInclude>
    <ClInclude Include="source\mediocremapassistant2\RegReader.h">
      <Filter>Header Files</Filter>
    </ClInclude>
    <ClInclude Include="source\mediocremapassistant2\RenderWaveform.h">
      <Filter>Header Files</Filter>
    </ClInclude>
    <ClInclude Include="source\mediocremapassistant2\Updater.h">
      <Filter>Header Files</Filter>
    </ClInclude>
  </ItemGroup>
  <ItemGroup>
    <None Include="intermediate\CachedAssetRegistry.bin">
      <Filter>Resource Files</Filter>
    </None>
    <None Include="intermediate\assetregistrycache\2657c409.bin">
      <Filter>Resource Files</Filter>
    </None>
    <None Include="intermediate\assetregistrycache\6d9c2bb1.bin">
      <Filter>Resource Files</Filter>
    </None>
    <None Include="intermediate\assetregistrycache\866581fd.bin">
      <Filter>Resource Files</Filter>
    </None>
    <None Include="intermediate\assetregistrycache\96f7d005.bin">
      <Filter>Resource Files</Filter>
    </None>
    <None Include="intermediate\assetregistrycache\cd34a47f.bin">
      <Filter>Resource Files</Filter>
    </None>
    <None Include="intermediate\build\ActionHistory.bin">
      <Filter>Resource Files</Filter>
    </None>
    <None Include="intermediate\build\win64\mediocremapassistant2editor\DependencyCache.bin">
      <Filter>Resource Files</Filter>
    </None>
    <None Include="intermediate\build\win64\mediocremapassistant2editor\FlatCPPIncludes.bin">
      <Filter>Resource Files</Filter>
    </None>
    <None Include="intermediate\reimportcache\3688439234.bin">
      <Filter>Resource Files</Filter>
    </None>
  </ItemGroup>
</Project>